{"1.2.0",
[{<<"bcrypt">>,{pkg,<<"bcrypt">>,<<"1.1.5">>},0},
 {<<"bear">>,{pkg,<<"bear">>,<<"0.8.7">>},2},
 {<<"bert">>,{pkg,<<"bert">>,<<"0.1.0">>},0},
 {<<"buffalo">>,{pkg,<<"buffalo">>,<<"1.2.0">>},0},
 {<<"certifi">>,{pkg,<<"certifi">>,<<"2.6.1">>},0},
 {<<"cf">>,{pkg,<<"cf">>,<<"0.3.1">>},1},
 {<<"cowboy">>,{pkg,<<"cowboy">>,<<"2.9.0">>},1},
 {<<"cowlib">>,{pkg,<<"cowlib">>,<<"2.11.0">>},1},
 {<<"cowmachine">>,{pkg,<<"cowmachine">>,<<"1.7.1">>},0},
 {<<"depcache">>,{pkg,<<"depcache">>,<<"1.7.1">>},0},
 {<<"dh_date">>,{pkg,<<"dh_date">>,<<"1.0.0">>},0},
 {<<"diffy">>,{pkg,<<"diffy">>,<<"1.1.2">>},0},
 {<<"dispatch_compiler">>,{pkg,<<"dispatch_compiler">>,<<"1.0.0">>},0},
 {<<"edown">>,{pkg,<<"edown">>,<<"0.8.4">>},0},
 {<<"eiconv">>,{pkg,<<"eiconv">>,<<"1.0.0">>},0},
 {<<"epgsql">>,{pkg,<<"epgsql">>,<<"4.5.0">>},0},
 {<<"erlang_exif">>,{pkg,<<"erlang_exif">>,<<"3.0.0">>},0},
 {<<"erlang_localtime">>,{pkg,<<"erlang_localtime">>,<<"1.0.0">>},0},
 {<<"erlexec">>,{pkg,<<"erlexec">>,<<"1.9.3">>},0},
 {<<"erlpass">>,{pkg,<<"erlpass">>,<<"1.0.4">>},0},
 {<<"erlware_commons">>,{pkg,<<"erlware_commons">>,<<"1.5.0">>},0},
 {<<"exometer_core">>,{pkg,<<"exometer_core">>,<<"1.5.7">>},0},
 {<<"filezcache">>,{pkg,<<"filezcache">>,<<"1.0.1">>},0},
 {<<"folsom">>,{pkg,<<"folsom">>,<<"0.8.7">>},1},
 {<<"gen_smtp">>,{pkg,<<"gen_smtp">>,<<"1.1.1">>},0},
 {<<"goldrush">>,{pkg,<<"goldrush">>,<<"0.1.9">>},2},
 {<<"gproc">>,{pkg,<<"gproc">>,<<"0.9.0">>},0},
 {<<"gun">>,{pkg,<<"gun">>,<<"1.3.1">>},1},
 {<<"hut">>,{pkg,<<"hut">>,<<"1.2.1">>},1},
 {<<"jobs">>,{pkg,<<"jobs">>,<<"0.9.0">>},0},
 {<<"jsx">>,{pkg,<<"jsx">>,<<"3.0.0">>},0},
 {<<"jsxrecord">>,{pkg,<<"jsxrecord">>,<<"1.2.0">>},0},
 {<<"keyserver">>,{pkg,<<"keyserver">>,<<"1.0.0">>},0},
 {<<"lager">>,{pkg,<<"lager">>,<<"3.6.10">>},1},
 {<<"locus">>,{pkg,<<"locus">>,<<"1.15.0">>},0},
 {<<"meck">>,{pkg,<<"meck">>,<<"0.8.13">>},0},
 {<<"mimetypes">>,{pkg,<<"mimetypes">>,<<"1.1.0">>},0},
 {<<"mochiweb">>,{pkg,<<"mochiweb">>,<<"2.22.0">>},0},
 {<<"mqtt_packet_map">>,{pkg,<<"mqtt_packet_map">>,<<"1.1.0">>},1},
 {<<"mqtt_sessions">>,{pkg,<<"mqtt_sessions">>,<<"1.4.1">>},0},
 {<<"oauth">>,{pkg,<<"oauth">>,<<"2.1.0">>},0},
 {<<"parse_trans">>,{pkg,<<"parse_trans">>,<<"3.4.0">>},0},
 {<<"poolboy">>,{pkg,<<"poolboy">>,<<"1.5.2">>},0},
 {<<"proper">>,{pkg,<<"proper">>,<<"1.4.0">>},0},
 {<<"qdate">>,{pkg,<<"qdate">>,<<"0.7.0">>},0},
 {<<"qdate_localtime">>,{pkg,<<"qdate_localtime">>,<<"1.2.0">>},0},
 {<<"ranch">>,{pkg,<<"ranch">>,<<"1.8.0">>},0},
 {<<"recon">>,{pkg,<<"recon">>,<<"2.5.2">>},0},
 {<<"ringbuffer">>,{pkg,<<"ringbuffer">>,<<"1.1.1">>},0},
 {<<"router">>,{pkg,<<"router">>,<<"1.0.4">>},1},
 {<<"s3filez">>,{pkg,<<"s3filez">>,<<"1.2.0">>},0},
 {<<"setup">>,{pkg,<<"setup">>,<<"2.1.0">>},0},
 {<<"shotgun">>,{pkg,<<"shotgun">>,<<"0.5.2">>},0},
 {<<"sidejob">>,{pkg,<<"sidejob">>,<<"2.1.0">>},0},
 {<<"ssl_verify_fun">>,{pkg,<<"ssl_verify_fun">>,<<"1.1.6">>},0},
 {<<"syslog">>,{pkg,<<"syslog">>,<<"1.1.0">>},0},
 {<<"template_compiler">>,{pkg,<<"template_compiler">>,<<"1.6.0">>},0},
 {<<"termit">>,{pkg,<<"termit">>,<<"2.0.1">>},0},
 {<<"tls_certificate_check">>,
  {pkg,<<"tls_certificate_check">>,<<"1.11.0">>},
  0},
 {<<"yamerl">>,{pkg,<<"yamerl">>,<<"0.8.1">>},0},
 {<<"zotonic_rdf">>,{pkg,<<"zotonic_rdf">>,<<"1.0.1">>},0},
 {<<"zotonic_ssl">>,{pkg,<<"zotonic_ssl">>,<<"1.1.0">>},0},
 {<<"zotonic_stdlib">>,{pkg,<<"zotonic_stdlib">>,<<"1.6.0">>},0}]}.
[
{pkg_hash,[
 {<<"bcrypt">>, <<"A6763BD4E1AF46D34776F85B7995E63A02978DE110C077E9570ED17006E03386">>},
 {<<"bear">>, <<"16264309AE5D005D03718A5C82641FCC259C9E8F09ADEB6FD79CA4271168656F">>},
 {<<"bert">>, <<"A87D6693515070A9B287C1043CB7E5B2406BE0357685022764BFBD2609703555">>},
 {<<"buffalo">>, <<"00D5702C862CF365D71556D0134D6CD5F488AA324DECD06927E7A0AC58352935">>},
 {<<"certifi">>, <<"DBAB8E5E155A0763EEA978C913CA280A6B544BFA115633FA20249C3D396D9493">>},
 {<<"cf">>, <<"5CB902239476E141EA70A740340233782D363A31EEA8AD37049561542E6CD641">>},
 {<<"cowboy">>, <<"865DD8B6607E14CF03282E10E934023A1BD8BE6F6BACF921A7E2A96D800CD452">>},
 {<<"cowlib">>, <<"0B9FF9C346629256C42EBE1EEB769A83C6CB771A6EE5960BD110AB0B9B872063">>},
 {<<"cowmachine">>, <<"0C1DF354E0D1A4A76C8C80A4F21852602E9C29A15EE5098A48D7E08428E4B78D">>},
 {<<"depcache">>, <<"BB85FDD459FAF1374773EDA4249D2C1F037A32C509AC1E1C89654CAB3D4CC233">>},
 {<<"dh_date">>, <<"5B0C286665E160DE44132552931BEF06B5CB2244D5BD20E333A686E9D8BF92E3">>},
 {<<"diffy">>, <<"7060E34FD512F210056B7E66E8D315CB90D06B97A6656D92FC299EB91692E36E">>},
 {<<"dispatch_compiler">>, <<"E55A3A7B5CC6F5F3887691FF600C177B52534504C8C67804DCE115B5756F2FA0">>},
 {<<"edown">>, <<"C0ADDD5530A66E4C8B4A68FFDE122F7DD710EAED815492E438AAAFE63D4C76E1">>},
 {<<"eiconv">>, <<"EE1E47EE37799A05BEFF7A68D61F63CCCC93101833C4FB94B454C23B12A21629">>},
 {<<"epgsql">>, <<"CA863EE3A771E7696AE58EC924A29DF8435CDAFFA64DBA70C02DD2571AD2122D">>},
 {<<"erlang_exif">>, <<"557457BD2C48637ABD356D10059C5A6A1BC88AA152645A1DD43D2D843FCDADBB">>},
 {<<"erlang_localtime">>, <<"497DFD4D13523D3E0EECDCB8D6D59857CF642A17A6BDC6133FF906FDAF2AEF21">>},
 {<<"erlexec">>, <<"3D72AC65424CED35B9658A50E5A0C9DBD5F383E28AC9096E557F0D62926DD8E4">>},
 {<<"erlpass">>, <<"395BAAF1E296B7B46C9D296C25040AF1B7EB91731F208D772BA346AB4572A8FC">>},
 {<<"erlware_commons">>, <<"918C56D8FB3BE52AF0DF138ED6E0755E764AD4467CD7D025761F7D0A17D3DEC1">>},
 {<<"exometer_core">>, <<"AB97E34A5D69AB14E6AE161DB4CCA5B5E655E635B842F830EE6AB2CBFCFDC30A">>},
 {<<"filezcache">>, <<"DE13CF96E265746ED18ACDC0A008C75E0A7E6CA672E2823C62353C98C1A10281">>},
 {<<"folsom">>, <<"A885F0AEEE4C84270954C88A55A5A473D6B2C7493E32FFDC5765412DD555A951">>},
 {<<"gen_smtp">>, <<"BF9303C31735100631B1D708D629E4C65944319D1143B5C9952054F4A1311D85">>},
 {<<"goldrush">>, <<"F06E5D5F1277DA5C413E84D5A2924174182FB108DABB39D5EC548B27424CD106">>},
 {<<"gproc">>, <<"853CCB7805E9ADA25D227A157BA966F7B34508F386A3E7E21992B1B484230699">>},
 {<<"gun">>, <<"1489FD96018431B89F401041A9CE0B02B45265247F0FDCF71273BF087C64EA4F">>},
 {<<"hut">>, <<"08D46679523043424870723923971889E8A34D63B2F946A35B46CF921D1236E7">>},
 {<<"jobs">>, <<"B2F0071531C4A48575A096FEC428DCDD4555C64E5086FE521FCEAF581B1F51DC">>},
 {<<"jsx">>, <<"20A170ABD4335FC6DB24D5FAD1E5D677C55DADF83D1B20A8A33B5FE159892A39">>},
 {<<"jsxrecord">>, <<"7C029EFCC0C8F48D4FFB9FB1401855051974535228775789A15DBBC360D2060B">>},
 {<<"keyserver">>, <<"09F9841C0721062C455E1FE02070DD4298EC821B9396419F36F0B3B2B3BB5A12">>},
 {<<"lager">>, <<"6172B43AB720AC33914CCD0AEB21FDBDF88213847707D4B91E6AF57B2AE5C4D2">>},
 {<<"locus">>, <<"FA10AF0AE8AFC3D8D66B32B04A877316A54D9143831F9EE0D317012056C6E9FB">>},
 {<<"meck">>, <<"FFEDB39F99B0B99703B8601C6F17C7F76313EE12DE6B646E671E3188401F7866">>},
 {<<"mimetypes">>, <<"82D455AE77558C0B839D7EF8F862FB67AD4450CD394FC728F8D894078F95B40F">>},
 {<<"mochiweb">>, <<"F104D6747C01A330C38613561977E565B788B9170055C5241AC9DD6E4617CBA5">>},
 {<<"mqtt_packet_map">>, <<"4D44C0673B936491F9BE7AF4908092AB902C0ADFD168158DC73953A3A560C547">>},
 {<<"mqtt_sessions">>, <<"9F502E34F711DF34D2679F7C59143144B87EFCE74997764CB78F8EAE1FEE62AC">>},
 {<<"oauth">>, <<"D339CD258E3384703CB75D21A7958F0258FD1B7B0022BC59AEA154BE74B817CC">>},
 {<<"parse_trans">>, <<"BB87AC362A03CA674EBB7D9D498F45C03256ADED7214C9101F7035EF44B798C7">>},
 {<<"poolboy">>, <<"392B007A1693A64540CEAD79830443ABF5762F5D30CF50BC95CB2C1AAAFA006B">>},
 {<<"proper">>, <<"89A44B8C39D28BB9B4BE8E4D715D534905B325470F2E0EC5E004D12484A79434">>},
 {<<"qdate">>, <<"EBFFBE723E5290714ADCB74AFA1FBDB89DF152586B491F56306B29526D93975B">>},
 {<<"qdate_localtime">>, <<"644ADE4C7F7EAC765E2048DFA714D78EA86BAF5255FE46279B2EAC5729760A07">>},
 {<<"ranch">>, <<"8C7A100A139FD57F17327B6413E4167AC559FBC04CA7448E9BE9057311597A1D">>},
 {<<"recon">>, <<"CBA53FA8DB83AD968C9A652E09C3ED7DDCC4DA434F27C3EAA9CA47FFB2B1FF03">>},
 {<<"ringbuffer">>, <<"BD33D3B091EB6E1DE6AB337AEA0B2676B1F2554C9DEC7D6C70D5A9E8F710FDC0">>},
 {<<"router">>, <<"E9311B9D296B41C9484FC933EFD847F87E7DCBAD94DEE1566FB77570CA59EF2C">>},
 {<<"s3filez">>, <<"86533C4A36820134279118FA53CC9CB84FDC3DE4A072181D91DD2E1BABDED1DF">>},
 {<<"setup">>, <<"05F69185A5EB71474C9BC6BA892565651EC7507791F85632B7B914DBFE130510">>},
 {<<"shotgun">>, <<"97FDC03DEB95A168C96CD5A8928958385223B56FC82C6AB2EF631CFBA4C9580C">>},
 {<<"sidejob">>, <<"5D6A7C9C620778CB1908E46B552D767DF2ED4D77070BB7B5B8773D4FF18D1D37">>},
 {<<"ssl_verify_fun">>, <<"CF344F5692C82D2CD7554F5EC8FD961548D4FD09E7D22F5B62482E5AEAEBD4B0">>},
 {<<"syslog">>, <<"6419A232BEA84F07B56DC575225007FFE34D9FDC91ABE6F1B2F254FD71D8EFC2">>},
 {<<"template_compiler">>, <<"10740EE281C8D802FA8D4278A9D84D6278F135D3215AAD7F51B118FFD783C3A9">>},
 {<<"termit">>, <<"A132BF2EBB499A362A5486E451E0F87441C8363DD8E7FDA72DAD6CD03100B851">>},
 {<<"tls_certificate_check">>, <<"609DCD503F31170F0799DAC380EB0E086388CF918FC769AAA60DDD6BBF575218">>},
 {<<"yamerl">>, <<"07DA13FFA1D8E13948943789665C62CCD679DFA7B324A4A2ED3149DF17F453A4">>},
 {<<"zotonic_rdf">>, <<"D0E72A13D179549E6520BFCCFFD25F4C93533098698EE77F73CFE5778345D708">>},
 {<<"zotonic_ssl">>, <<"16A96C8B9597F977EC12B179CB2ED6C635674BB1BA7CEC24C5999191C3C95BDD">>},
 {<<"zotonic_stdlib">>, <<"872E85BD2DC8A49A4DA255E4DF6C1B4DDC993E59024D02303BD6A5DF0868859B">>}]},
{pkg_hash_ext,[
 {<<"bcrypt">>, <<"3418821BC17CE6E96A4A77D1A88D7485BF783E212069FACFC79510AFBFF95352">>},
 {<<"bear">>, <<"534217DCE6A719D59E54FB0EB7A367900DBFC5F85757E8C1F94269DF383F6D9B">>},
 {<<"bert">>, <<"2A561521EC3529B248658A3E2D3D4BFE6729B0AB8291C701BF15EF413EDA1506">>},
 {<<"buffalo">>, <<"50DB4460D5E2BB2DAEBB75B0CF9182F384E520E24B138DABF5B112A99E9D7280">>},
 {<<"certifi">>, <<"524C97B4991B3849DD5C17A631223896272C6B0AF446778BA4675A1DFF53BB7E">>},
 {<<"cf">>, <<"315E8D447D3A4B02BCDBFA397AD03BBB988A6E0AA6F44D3ADD0F4E3C3BF97672">>},
 {<<"cowboy">>, <<"2C729F934B4E1AA149AFF882F57C6372C15399A20D54F65C8D67BEF583021BDE">>},
 {<<"cowlib">>, <<"2B3E9DA0B21C4565751A6D4901C20D1B4CC25CBB7FD50D91D2AB6DD287BC86A9">>},
 {<<"cowmachine">>, <<"D429FCE1D114D415284A96C5E5E76544A86415F18B41D17D271E171004343884">>},
 {<<"depcache">>, <<"40A441A5B1B8E322263C4E6EF35A7D5BC75D080E7A4AAB0D02BCE6059DF53BC1">>},
 {<<"dh_date">>, <<"3F5D908383A0243A693147EA85A5654769B90078AC999A076ED6F0917F7614CF">>},
 {<<"diffy">>, <<"9A59BBDCAFB6B115B5099711F7F114EDB00BE11658CEF08EF26E04F8040C7149">>},
 {<<"dispatch_compiler">>, <<"D45F7985312783DFF7F277B62B73DEBB526D4B3FAA38C9D44AA55F0BFB3C1141">>},
 {<<"edown">>, <<"1CAF8F99BEE8B671EFA752EA163C9299A120BFC4A43820E1C5CE1BFDF63B4446">>},
 {<<"eiconv">>, <<"8C80851DECF72FC4571A70278D7932E9A87437770322077ECF797533FBB792CD">>},
 {<<"epgsql">>, <<"0A02D338CC1426C5873B412FED9D694F7B5143933C5F85F244655A5E77B23078">>},
 {<<"erlang_exif">>, <<"F03815AC2C2808A84313B3DFAFF41CCB2E3BC7A643113274C76BF9241DE490CD">>},
 {<<"erlang_localtime">>, <<"46E3F7B18477B377EC71F9DCD91C4D30FE82A128FFA9F89BE1595D4D08414844">>},
 {<<"erlexec">>, <<"5E3886952E987B63D9136A0BEF5CEB0091B8A0550A81D221D0E55538EE2AA1AB">>},
 {<<"erlpass">>, <<"0F3B6FF0E854A78E6F356364AA91AE7DA27FA4DDDBA633033B67848B37550D38">>},
 {<<"erlware_commons">>, <<"3E7C6FB2BA4C29B0DD5DFE9D031B66449E2088ECEC1A81465BD9FDE05ED7D0DB">>},
 {<<"exometer_core">>, <<"6AFBD8F6B1AAF7443D6A5A05BBBCD15285622353550F3077C87176E25BE99C1E">>},
 {<<"filezcache">>, <<"A712A316990CCB8E2C77AE063F495A6D94E7F3016251395E899D428CBC247601">>},
 {<<"folsom">>, <<"F7B644FC002A75AF00B8BFBD3CC5C2BD955E09A118D2982D9A6C04E5646FF367">>},
 {<<"gen_smtp">>, <<"51BC50CC017EFD4A4248CBC39EA30FB60EFA7D4A49688986FAFAD84434FF9AB7">>},
 {<<"goldrush">>, <<"99CB4128CFFCB3227581E5D4D803D5413FA643F4EB96523F77D9E6937D994CEB">>},
 {<<"gproc">>, <<"587E8AF698CCD3504CF4BA8D90F893EDE2B0F58CABB8A916E2BF9321DE3CF10B">>},
 {<<"gun">>, <<"F4D25A6946E34FE5D4D698DB32B0F2A9BBB1E9FD75D23A0FFADBAD373C48451F">>},
 {<<"hut">>, <<"953FC447514BAF9CC79FA147D66469243C94DFA1593779614E070C692D0BF0F3">>},
 {<<"jobs">>, <<"4E50CC8EDD7B5A0AE6F4C17B25514470A772626A5F6C24E9BC06A62AEF618237">>},
 {<<"jsx">>, <<"37BECA0435F5CA8A2F45F76A46211E76418FBEF80C36F0361C249FC75059DC6D">>},
 {<<"jsxrecord">>, <<"04A7E108F7FADC7F88FAB4CBCDFF34B5A1BFD4073A431ADDA288B1AE27DC0FA5">>},
 {<<"keyserver">>, <<"40BE055BC455093E3A4D604219C2F293B416604A7D8E3776E761D549D1311192">>},
 {<<"lager">>, <<"5D10499461826B79C5ABEE18BB594B3949CBDF76D9D9FD7E66D0A558137C21C9">>},
 {<<"locus">>, <<"FBC4E8143573B8A835C2E7FA0EC5ED6EB44296E6537AD46F8BBFFBCC65A6E5FE">>},
 {<<"meck">>, <<"D34F013C156DB51AD57CC556891B9720E6A1C1DF5FE2E15AF999C84D6CEBEB1A">>},
 {<<"mimetypes">>, <<"234802943A215B1B6CE408015F103C4223EA98179E4FE411CD55E9A4D0B07E53">>},
 {<<"mochiweb">>, <<"CBBD1FD315D283C576D1C8A13E0738F6DAFB63DC840611249608697502A07655">>},
 {<<"mqtt_packet_map">>, <<"82BD12177EC927244ECC40093FB5A9BFAC317106168FD11F7D49FB3434C6D1DA">>},
 {<<"mqtt_sessions">>, <<"3DB3B9DF5CF48E78AD268B8C04EEF37CAE6574940AFBEAC39E0187C530C9E263">>},
 {<<"oauth">>, <<"1E88788690B3CDE182F77829F205EAB75522255DCCED20341C5BA05CAC849B13">>},
 {<<"parse_trans">>, <<"F99E368830BEA44552224E37E04943A54874F08B8590485DE8D13832B63A2DC3">>},
 {<<"poolboy">>, <<"DAD79704CE5440F3D5A3681C8590B9DC25D1A561E8F5A9C995281012860901E3">>},
 {<<"proper">>, <<"18285842185BD33EFBDA97D134A5CB5A0884384DB36119FEE0E3CFA488568CBB">>},
 {<<"qdate">>, <<"4D053F50D29D508FAF74AB1CEEC035476987DB411694CDC87C23E2F7A5BE08DB">>},
 {<<"qdate_localtime">>, <<"98A538A5B6046B8652DFC5630B030D0414A1B31D0130C81FA6B88B5C1E625109">>},
 {<<"ranch">>, <<"49FBCFD3682FAB1F5D109351B61257676DA1A2FDBE295904176D5E521A2DDFE5">>},
 {<<"recon">>, <<"2C7523C8DEE91DFF41F6B3D63CBA2BD49EB6D2FE5BF1EEC0DF7F87EB5E230E1C">>},
 {<<"ringbuffer">>, <<"E94020F8F5ADDDCF8AF87685FC97F90E33A48AF698C84A72E3239CF3BBDA37C2">>},
 {<<"router">>, <<"C9F939968F8D8BCBEB03087829693E5BEEA6BFFD14A9717200FB57522A141838">>},
 {<<"s3filez">>, <<"2BF3BDFCED356C8581029D70385970F969CACB102AE179DDFFAAAF9B448D1F36">>},
 {<<"setup">>, <<"EFD072578F0CF85BEA96CAAFFC7ADB0992398272522660A136E10567377071C5">>},
 {<<"shotgun">>, <<"D7300A30B9645B9ED2BAFC3632EE11609779CDD0B0EE981280E8BA59FA36407E">>},
 {<<"sidejob">>, <<"6DC3DAC041C8C07C64401ECD22684730DA1497F5F14377B3CA9C5B2B9A135181">>},
 {<<"ssl_verify_fun">>, <<"BDB0D2471F453C88FF3908E7686F86F9BE327D065CC1EC16FA4540197EA04680">>},
 {<<"syslog">>, <<"4C6A41373C7E20587BE33EF841D3DE6F3BEBA08519809329ECC4D27B15B659E1">>},
 {<<"template_compiler">>, <<"72ED887699535BD1FADC153CBFD75D404738DDB4226629B4FC5F237341EB00BB">>},
 {<<"termit">>, <<"34047B1FEC8C3A98998F094F062ADD7E12D9D1240E45B404F62A491FB1948848">>},
 {<<"tls_certificate_check">>, <<"4AB962212EF7C87482619CB298E1FE06E047B57F0BD58CC417B3B299EB8D036E">>},
 {<<"yamerl">>, <<"96CB30F9D64344FED0EF8A92E9F16F207DE6C04DFFF4F366752CA79F5BCEB23F">>},
 {<<"zotonic_rdf">>, <<"096C1E2E16582FE3F6253534068D22B39F246D84C01237C42A8B489B42BB7A16">>},
 {<<"zotonic_ssl">>, <<"FC8193CFA273956C2669F448102DD7A4F0E4AA8E3C81FA7EB46114911146CF4C">>},
 {<<"zotonic_stdlib">>, <<"9139167866615F226C3915B6082B317892E276F3A9C78C5A99CD497FA589444E">>}]}
].
