%% THIS FILE IS GENERATED. DO NOT EDIT IT MANUALLY %%

{require_min_otp_vsn,"R16"}.
{erl_opts,[{parse_transform,lager_transform},
           {platform_define,"^[0-9]+",namespaced_dicts},
           {platform_define,"^([0-9]+|R16)",coding_utf8}]}.
{deps,[{goldrush,".*",
                 {git,"git://github.com/DeadZen/goldrush.git",
                      "71e63212f12c25827e0c1b4198d37d5d018a7fec"}},
       {lager,".*",
              {git,"git://github.com/basho/lager.git",
                   "b6b6cebcb27ccff8acc59ae775acebc2f52e4926"}},
       {rebar_lock_deps_plugin,".*",
                               {git,"git://github.com/seth/rebar_lock_deps_plugin.git",
                                    "7a5835029c42b8138325405237ea7e8516a84800"}},
       {depcache,".*",
                 {git,"git://github.com/zotonic/depcache.git",
                      "145d92f56863e5ae90eb9c1eaf5e525fb116710f"}},
       {bert,".*",
             {git,"git://github.com/zotonic/bert.erl.git",
                  "1efd05a1a0288ec62e1df0b8af42f6d96cd0516b"}},
       {dh_date,".*",
                {git,"git://github.com/zotonic/dh_date.git",
                     "473ad8c47379939aeca919547a7d977eaf34c27b"}},
       {eiconv,".*",
               {git,"git://github.com/zotonic/eiconv.git",
                    "644fb5e7bd6640fbd073f4d28957914ea979aea0"}},
       {gen_smtp,".*",
                 {git,"git://github.com/zotonic/gen_smtp.git",
                      "6e8b0bc5924459913573daea79417d627c336b5c"}},
       {mimetypes,".*",
                  {git,"git://github.com/zotonic/mimetypes.git",
                       "a60b350819c8ba5602ed85b9d0050cc8e3cb1152"}},
       {mochiweb,".*",
                 {git,"git://github.com/zotonic/mochiweb.git",
                      "9947ffbf92ac5202fde51ba3e646ed1c57bd3d1f"}},
       {ua_classifier,".*",
                      {git,"git://github.com/zotonic/ua_classifier.git",
                           "37ba6bb25576c225bf414d1517de908635612413"}},
       {sendfile,".*",
                 {git,"git://github.com/tuncer/sendfile.git",
                      "42355894adeb1fef9ec7b31642a9707c86dd0f23"}},
       {webzmachine,".*",
                    {git,"git://github.com/zotonic/webzmachine.git",
                         "da50cc790667b25cbe73f70fea98a4f6c0c07cba"}},
       {z_stdlib,".*",
                 {git,"git://github.com/zotonic/z_stdlib.git",
                      "ce8ee03f85a1b36e6c78b25e985351f816b8468d"}},
       {edown,".*",
              {git,"git://github.com/uwiger/edown.git",
                   "b7c8eb0ac1859f8fce11cbfe3526f5ec83194776"}},
       {parse_trans,".*",
                    {git,"git://github.com/uwiger/parse_trans.git",
                         "a210adafdfbb904d156d8f22abd5fb58fc17de1e"}},
       {meck,".*",
             {git,"git://github.com/eproxus/meck.git",
                  "dde759050eff19a1a80fd854d7375174b191665d"}},
       {bear,".*",
             {git,"git://github.com/boundary/bear.git",
                  "119234548783af19b8ec75c879c5062676b92571"}},
       {folsom,".*",
               {git,"git://github.com/boundary/folsom",
                    "8914823067c623d2839ecd6d17785ba94ad004c8"}},
       {setup,".*",
              {git,"git://github.com/uwiger/setup.git",
                   "51ee7c9f64d2bbe9dcbb58c278e8fbfd4d0ca5e2"}},
       {exometer_core,".*",
                      {git,"git://github.com/Feuerlabs/exometer_core.git",
                           "88588f26f226210a1fc9e70271d8a0611ba83d30"}},
       {exometer,".*",
                 {git,"git://github.com/Feuerlabs/exometer.git",
                      "2e50802270244d0edf7873d362fb66307da2a8d0"}},
       {filezcache,".*",
                   {git,"git://github.com/mworrell/filezcache.git",
                        "d54556dabc9dddf046aa5de108fae2f89a8b62da"}},
       {jobs,".*",
             {git,"git://github.com/esl/jobs.git",
                  "6800e98e4e172521e5ffd50ee2032ea922c8f36b"}},
       {s3filez,".*",
                {git,"git://github.com/mworrell/s3filez.git",
                     "3e9b4c00c81497ad568d3dbf84ab2bcba71e3b66"}},
       {proper,".*",
               {git,"git://github.com/manopapad/proper.git",
                    "2b93ff12d8caa8e23e207b04a6aff04bc2d47a63"}},
       {diffy,".*",
              {git,"https://github.com/mmzeeman/diffy.git",
                   "ecd0365d65db065dba469a5e29560804d90f030c"}},
       {gproc,".*",
              {git,"git://github.com/uwiger/gproc.git",
                   "2b1b9ac870416469097af695de413afd5e78f66c"}},
       {emqtt,".*",
              {git,"git://github.com/zotonic/emqtt.git",
                   "97804eabcb71b0ab68f1f33b90e8934483151bad"}},
       {poolboy,".*",
                {git,"git://github.com/devinus/poolboy.git",
                     "3bb48a893ff5598f7c73731ac17545206d259fac"}},
       {epgsql,".*",
               {git,"git://github.com/epgsql/epgsql.git",
                    "c7dfb06481143d5554aed0d4f6853d1e3d56c670"}},
       {erlware_commons,".*",
                        {git,"git://github.com/erlware/erlware_commons.git",
                             "83adceaa1abc1af5358a61601b17d10c43e6d7a1"}},
       {erlang_localtime,".*",
                         {git,"git://github.com/choptastic/erlang_localtime.git",
                              "bd0083ffe6107537a555133c9b94656ca5c854f3"}},
       {qdate,".*",
              {git,"git://github.com/mworrell/qdate.git",
                   "810781211a278021339e11d4e262f00a0062a761"}},
       {recon,".*",
              {git,"git://github.com/ferd/recon.git",
                   "0f0c00232c698f0ce0c106178c3e3b3b3da009d8"}},
       {jiffy,".*",
              {git,"https://github.com/davisp/jiffy.git",
                   "75dd259189b1c1134f4e0c0de667da3dc67590bf"}},
       {oauth,".*",
              {git,"https://github.com/tim/erlang-oauth.git",
                   "3ad509d487a72f9437fef31a379bf3cfeeb166a2"}},
       {twerl,".*",
              {git,"https://github.com/mworrell/twerl.git",
                   "12d91dd5085149cdd5de262a44fbb62779b39e16"}}]}.
{plugin_dir,"deps/rebar_lock_deps_plugin/src"}.
{plugins,[rebar_lock_deps_plugin]}.

