%% THIS FILE IS GENERATED. DO NOT EDIT IT MANUALLY %%

{require_min_otp_vsn,"R15B03"}.
{erl_opts,[{parse_transform,lager_transform},
           {platform_define,"^[0-9]+",namespaced_dicts},
           {platform_define,"^([0-9]+|R16)",coding_utf8}]}.
{deps,[{goldrush,".*",
                 {git,"git://github.com/DeadZen/goldrush.git",
                      "71e63212f12c25827e0c1b4198d37d5d018a7fec"}},
       {lager,".*",
              {git,"git://github.com/basho/lager.git",
                   "dd267603e93e8babe9ef9164fc176b430d669431"}},
       {rebar_lock_deps_plugin,".*",
                               {git,"git://github.com/seth/rebar_lock_deps_plugin.git",
                                    "9711549b8a84b065eb2edc22f8eb6ff85e3c94e8"}},
       {depcache,".*",
                 {git,"git://github.com/zotonic/depcache.git",
                      "6321176b7b7cab365a62b0c7bab9c27ee4292fb9"}},
       {bert,".*",
             {git,"git://github.com/zotonic/bert.erl.git",
                  "1efd05a1a0288ec62e1df0b8af42f6d96cd0516b"}},
       {dh_date,".*",
                {git,"git://github.com/zotonic/dh_date.git",
                     "473ad8c47379939aeca919547a7d977eaf34c27b"}},
       {eiconv,".*",
               {git,"git://github.com/zotonic/eiconv.git",
                    "644fb5e7bd6640fbd073f4d28957914ea979aea0"}},
       {gen_smtp,".*",
                 {git,"git://github.com/zotonic/gen_smtp.git",
                      "6e8b0bc5924459913573daea79417d627c336b5c"}},
       {mimetypes,".*",
                  {git,"git://github.com/zotonic/mimetypes.git",
                       "a60b350819c8ba5602ed85b9d0050cc8e3cb1152"}},
       {mochiweb,".*",
                 {git,"git://github.com/zotonic/mochiweb.git",
                      "1bd4b26664a04ac714b4ccad7b92edbf94c5a47c"}},
       {ua_classifier,".*",
                      {git,"git://github.com/zotonic/ua_classifier.git",
                           "158bb1bded6035f4fe2ec15500f89e084e4a5db8"}},
       {sendfile,".*",
                 {git,"git://github.com/tuncer/sendfile.git",
                      "e24ec2709a01d0f527ea45ee3bceb5db9fb8c31e"}},
       {webzmachine,".*",
                    {git,"git://github.com/zotonic/webzmachine.git",
                         "f58baa8d01eec2348c60d692d474bcd56b15a760"}},
       {z_stdlib,".*",
                 {git,"git://github.com/zotonic/z_stdlib.git",
                      "8db03ca5a25f65bdeb28714f56011512d1b1acb1"}},
       {edown,".*",
              {git,"git://github.com/uwiger/edown.git",
                   "4cb4ad67382590d92228ea6c56225376bd9f5685"}},
       {parse_trans,".*",
                    {git,"git://github.com/uwiger/parse_trans.git",
                         "763462825e4ce4660d43e6511078489ea50cdeca"}},
       {bear,".*",
             {git,"git://github.com/boundary/bear.git",
                  "5f998064d178b1b8d01ed90c228d50d8097b12d3"}},
       {meck,".*",
             {git,"git://github.com/eproxus/meck",
                  "dde759050eff19a1a80fd854d7375174b191665d"}},
       {folsom,".*",
               {git,"git://github.com/boundary/folsom",
                    "6b09950d712b8612fc5e04a5aa248c5848208eb0"}},
       {setup,".*",
              {git,"git://github.com/uwiger/setup.git",
                   "51ee7c9f64d2bbe9dcbb58c278e8fbfd4d0ca5e2"}},
       {exometer,".*",
                 {git,"git://github.com/Feuerlabs/exometer.git",
                      "04eb747909f04eab23f399b19b6dd89cfcd6b29b"}},
       {filezcache,".*",
                   {git,"git://github.com/mworrell/filezcache.git",
                        "518802d33310ae6128c4fcc2707c625eea292b81"}},
       {jobs,".*",
             {git,"git://github.com/esl/jobs.git",
                  "6800e98e4e172521e5ffd50ee2032ea922c8f36b"}},
       {s3filez,".*",
                {git,"git://github.com/mworrell/s3filez.git",
                     "6cdc5eb7c3b671bd03c4a5a2a9d2b690f3ea0f46"}},
       {gproc,".*",
              {git,"git://github.com/uwiger/gproc.git",
                   "26a9d9faff7b9fd60687d4bcfd3d6974b73205f3"}},
       {emqtt,".*",
              {git,"git://github.com/zotonic/emqtt.git",
                   "3b29d426dd9acc3a70e1106cf906d5f29c9aa9fd"}},
       {poolboy,".*",
                {git,"git://github.com/devinus/poolboy.git",
                     "9c4b4580b0363cce91693ec6a7f1f03005955023"}},
       {epgsql,".*",
               {git,"git://github.com/epgsql/epgsql.git",
                    "f060df99c6c99fcd41dc57c106fae9de69d6f9ad"}},
       {rebar_vsn_plugin,".*",
                         {git,"https://github.com/erlware/rebar_vsn_plugin.git",
                              "fd40c960c7912193631d948fe962e1162a8d1334"}},
       {erlware_commons,".*",
                        {git,"git://github.com/erlware/erlware_commons.git",
                             "d4d11ed1bacec2bc4e712bfccf5fd84944e9e3a5"}},
       {erlang_localtime,".*",
                         {git,"git://github.com/choptastic/erlang_localtime.git",
                              "66f2e225f0e5b1ae3a8bb1005d759ee87032f388"}},
       {qdate,".*",
              {git,"git://github.com/mworrell/qdate.git",
                   "171b39b968aabcc77ed265341cac06a1fa918029"}}]}.
{plugin_dir,"deps/rebar_lock_deps_plugin/src"}.
{plugins,[rebar_lock_deps_plugin]}.

