%% THIS FILE IS GENERATED. DO NOT EDIT IT MANUALLY %%

{require_min_otp_vsn,"R15B03"}.
{erl_opts,[{parse_transform,lager_transform},
           {platform_define,"^[0-9]+",namespaced_dicts},
           {platform_define,"^([0-9]+|R16)",coding_utf8}]}.
{deps,[{rebar_lock_deps_plugin,".*",
                               {git,"git://github.com/seth/rebar_lock_deps_plugin.git",
                                    "9711549b8a84b065eb2edc22f8eb6ff85e3c94e8"}},
       {goldrush,".*",
                 {git,"git://github.com/DeadZen/goldrush.git",
                      "71e63212f12c25827e0c1b4198d37d5d018a7fec"}},
       {lager,".*",
              {git,"git://github.com/basho/lager.git",
                   "b6b6cebcb27ccff8acc59ae775acebc2f52e4926"}},
       {depcache,".*",
                 {git,"git://github.com/zotonic/depcache.git",
                      "6321176b7b7cab365a62b0c7bab9c27ee4292fb9"}},
       {bert,".*",
             {git,"git://github.com/zotonic/bert.erl.git",
                  "1efd05a1a0288ec62e1df0b8af42f6d96cd0516b"}},
       {dh_date,".*",
                {git,"git://github.com/zotonic/dh_date.git",
                     "473ad8c47379939aeca919547a7d977eaf34c27b"}},
       {eiconv,".*",
               {git,"git://github.com/zotonic/eiconv.git",
                    "644fb5e7bd6640fbd073f4d28957914ea979aea0"}},
       {gen_smtp,".*",
                 {git,"git://github.com/zotonic/gen_smtp.git",
                      "6e8b0bc5924459913573daea79417d627c336b5c"}},
       {mimetypes,".*",
                  {git,"git://github.com/zotonic/mimetypes.git",
                       "a60b350819c8ba5602ed85b9d0050cc8e3cb1152"}},
       {mochiweb,".*",
                 {git,"git://github.com/zotonic/mochiweb.git",
                      "7c1ff12ace11ec1c5093133267e2c6899f73016e"}},
       {ua_classifier,".*",
                      {git,"git://github.com/zotonic/ua_classifier.git",
                           "158bb1bded6035f4fe2ec15500f89e084e4a5db8"}},
       {sendfile,".*",
                 {git,"git://github.com/tuncer/sendfile.git",
                      "9c62d602b5d6ae0f6f8c95d26fb4dc306015dfc1"}},
       {webzmachine,".*",
                    {git,"git://github.com/zotonic/webzmachine.git",
                         "06717129c76a8adb83684600854807eb04ea55b3"}},
       {z_stdlib,".*",
                 {git,"git://github.com/zotonic/z_stdlib.git",
                      "d0399eca0d98a808320159c6382c7ca29d07f9e0"}},
       {afunix,".*",
               {git,"https://github.com/tonyrog/afunix.git",
                    "37611258f5446a578391c23def6ca4565c4c67e7"}},
       {netlink,".*",
                {git,"git://github.com/Feuerlabs/netlink.git",
                     "e6d208c2d9ad0c16843584006812b9fc99b65d0a"}},
       {bear,".*",
             {git,"git://github.com/boundary/bear.git",
                  "5f998064d178b1b8d01ed90c228d50d8097b12d3"}},
       {meck,".*",
             {git,"git://github.com/eproxus/meck",
                  "dde759050eff19a1a80fd854d7375174b191665d"}},
       {folsom,".*",
               {git,"git://github.com/boundary/folsom.git",
                    "4824aec693c7f284363f19d999289952ec4ed586"}},
       {exo,".*",
            {git,"git://github.com/Feuerlabs/exo",
                 "474d21f0cb7a140e5d1ce0b6bcf62ac728dbaea8"}},
       {edown,".*",
              {git,"git://github.com/esl/edown.git",
                   "3a738bf6d4f027eac100b3a43e36e3375fc56da8"}},
       {setup,".*",
              {git,"git://github.com/uwiger/setup.git",
                   "c5e603dece440f0afab6a15e321482adacd4f11a"}},
       {exometer,".*",
                 {git,"git://github.com/Feuerlabs/exometer.git",
                      "30200e604f854bedf40cae698d5d9a3e014b6212"}},
       {parse_trans,".*",
                    {git,"git://github.com/uwiger/parse_trans.git",
                         "2adfbfcc17f9cd9da19134c0ecfba30052a26e25"}},
       {filezcache,".*",
                   {git,"git://github.com/mworrell/filezcache.git",
                        "8013011f52e0fbc60eeb8cf69ae7db39610de6fc"}},
       {jobs,".*",
             {git,"git://github.com/esl/jobs.git",
                  "97fe71dc08393a7449fcd735455b3538140b1fea"}},
       {s3filez,".*",
                {git,"git://github.com/mworrell/s3filez.git",
                     "6cdc5eb7c3b671bd03c4a5a2a9d2b690f3ea0f46"}},
       {gproc,".*",
              {git,"git://github.com/uwiger/gproc.git",
                   "e5500cd5fb950813e60827d337767c0b4237aa74"}},
       {emqtt,".*",
              {git,"git://github.com/zotonic/emqtt.git",
                   "3b29d426dd9acc3a70e1106cf906d5f29c9aa9fd"}},
       {poolboy,".*",
                {git,"git://github.com/devinus/poolboy.git",
                     "9c4b4580b0363cce91693ec6a7f1f03005955023"}},
       {epgsql,".*",
               {git,"git://github.com/epgsql/epgsql.git",
                    "c7dfb06481143d5554aed0d4f6853d1e3d56c670"}},
       {rebar_vsn_plugin,".*",
                         {git,"https://github.com/erlware/rebar_vsn_plugin.git",
                              "fd40c960c7912193631d948fe962e1162a8d1334"}},
       {erlware_commons,".*",
                        {git,"git://github.com/erlware/erlware_commons.git",
                             "c2d67e6f76c1ee0802cd2c2bdae3fbb7a18d698d"}},
       {erlang_localtime,".*",
                         {git,"git://github.com/choptastic/erlang_localtime.git",
                              "6e14b6e734eca1f51944a0bba25a4179d068496b"}},
       {qdate,".*",
              {git,"git://github.com/mworrell/qdate.git",
                   "171b39b968aabcc77ed265341cac06a1fa918029"}},
       {jsx,".*",
            {git,"git://github.com/talentdeficit/jsx",
                 "58a9a5110f953e0b21f59f8b2dbc741a452e443f"}}]}.
{plugin_dir,"deps/rebar_lock_deps_plugin/src"}.
{plugins,[rebar_lock_deps_plugin]}.

