[{<<"bear">>,
  {git,"git://github.com/boundary/bear.git",
       {ref,"119234548783af19b8ec75c879c5062676b92571"}},
  2},
 {<<"bert">>,
  {git,"git://github.com/zotonic/bert.erl.git",
       {ref,"1efd05a1a0288ec62e1df0b8af42f6d96cd0516b"}},
  0},
 {<<"depcache">>,
  {git,"git://github.com/zotonic/depcache.git",
       {ref,"d4918add965d610ce2b10cb6c10fcd36211506b6"}},
  0},
 {<<"dh_date">>,
  {git,"git://github.com/zotonic/dh_date.git",
       {ref,"473ad8c47379939aeca919547a7d977eaf34c27b"}},
  0},
 {<<"diffy">>,
  {git,"https://github.com/mmzeeman/diffy.git",
       {ref,"ecd0365d65db065dba469a5e29560804d90f030c"}},
  0},
 {<<"dispatch_compiler">>,
  {git,"git://github.com/zotonic/dispatch_compiler.git",
       {ref,"9d2f4d5f4301d1c3a62a028c18d9dd11c5183971"}},
  0},
 {<<"edown">>,
  {git,"git://github.com/uwiger/edown.git",
       {ref,"d864427506cd93a00712b7c3b9a89d793e7e1600"}},
  1},
 {<<"eiconv">>,
  {git,"git://github.com/zotonic/eiconv.git",
       {ref,"644fb5e7bd6640fbd073f4d28957914ea979aea0"}},
  0},
 {<<"emqtt">>,
  {git,"git://github.com/zotonic/emqtt.git",
       {ref,"97804eabcb71b0ab68f1f33b90e8934483151bad"}},
  0},
 {<<"epgsql">>,
  {git,"git://github.com/epgsql/epgsql.git",
       {ref,"e0379f93f2fe54055d4e0304dd2fcfe1ffd97ec1"}},
  0},
 {<<"erlang_localtime">>,
  {git,"git://github.com/dmitryme/erlang_localtime.git",
       {ref,"29d0ac034b26d5d6a62acc39227495dffc8c0172"}},
  0},
 {<<"erlware_commons">>,
  {git,"git://github.com/erlware/erlware_commons.git",
       {ref,"83adceaa1abc1af5358a61601b17d10c43e6d7a1"}},
  0},
 {<<"exif">>,
  {git,"git://github.com/zotonic/erlang-exif.git",
       {ref,"982706d3dbbaed5afdca28f0603dcc04681e9fff"}},
  0},
 {<<"exometer">>,
  {git,"git://github.com/Feuerlabs/exometer.git",
       {ref,"7a7bd8d2b52de4d90f65aa3f6044b0e988319b9e"}},
  0},
 {<<"exometer_core">>,
  {git,"git://github.com/Feuerlabs/exometer_core.git",
       {ref,"d7c4ddd066b5a56f7118bdb00dd7b22277340a35"}},
  1},
 {<<"filezcache">>,
  {git,"git://github.com/mworrell/filezcache.git",
       {ref,"d54556dabc9dddf046aa5de108fae2f89a8b62da"}},
  0},
 {<<"folsom">>,
  {git,"git://github.com/boundary/folsom.git",
       {ref,"8914823067c623d2839ecd6d17785ba94ad004c8"}},
  1},
 {<<"gen_smtp">>,
  {git,"git://github.com/zotonic/gen_smtp.git",
       {ref,"6e8b0bc5924459913573daea79417d627c336b5c"}},
  0},
 {<<"goldrush">>,
  {git,"git://github.com/DeadZen/goldrush.git",
       {ref,"71e63212f12c25827e0c1b4198d37d5d018a7fec"}},
  0},
 {<<"gproc">>,
  {git,"git://github.com/uwiger/gproc.git",
       {ref,"85d8dddf2b04690cee051994b40bfa45925f9e36"}},
  0},
 {<<"jiffy">>,
  {git,"https://github.com/davisp/jiffy.git",
       {ref,"75dd259189b1c1134f4e0c0de667da3dc67590bf"}},
  1},
 {<<"jobs">>,
  {git,"git://github.com/uwiger/jobs.git",
       {ref,"80a5c6606470e51a86639e44a315366a461f4146"}},
  0},
 {<<"lager">>,
  {git,"git://github.com/basho/lager.git",
       {ref,"b6b6cebcb27ccff8acc59ae775acebc2f52e4926"}},
  0},
 {<<"meck">>,
  {git,"git://github.com/eproxus/meck.git",
       {ref,"dde759050eff19a1a80fd854d7375174b191665d"}},
  1},
 {<<"mimetypes">>,
  {git,"git://github.com/zotonic/mimetypes.git",
       {ref,"a60b350819c8ba5602ed85b9d0050cc8e3cb1152"}},
  0},
 {<<"mochiweb">>,
  {git,"git://github.com/zotonic/mochiweb.git",
       {ref,"9947ffbf92ac5202fde51ba3e646ed1c57bd3d1f"}},
  0},
 {<<"oauth">>,
  {git,"https://github.com/tim/erlang-oauth.git",
       {ref,"3ad509d487a72f9437fef31a379bf3cfeeb166a2"}},
  1},
 {<<"parse_trans">>,
  {git,"git://github.com/uwiger/parse_trans.git",
       {ref,"4fadce8a5242479b4ebc0d2b5825bdfe1de0af1c"}},
  0},
 {<<"poolboy">>,
  {git,"git://github.com/devinus/poolboy.git",
       {ref,"3bb48a893ff5598f7c73731ac17545206d259fac"}},
  0},
 {<<"proper">>,
  {git,"git://github.com/manopapad/proper.git",
       {ref,"1b773eeb47cb2c3116d78bdf681505703b762eee"}},
  0},
 {<<"qdate">>,
  {git,"git://github.com/mworrell/qdate.git",
       {ref,"9f12a93900f04c3c872828575176ea29b74e6511"}},
  0},
 {<<"recon">>,
  {git,"git://github.com/ferd/recon.git",
       {ref,"0f0c00232c698f0ce0c106178c3e3b3b3da009d8"}},
  0},
 {<<"s3filez">>,
  {git,"git://github.com/mworrell/s3filez.git",
       {ref,"f11d32b2d407da6d2dfc989bf3205f71cdf9d592"}},
  0},
 {<<"sendfile">>,
  {git,"git://github.com/tuncer/sendfile.git",
       {ref,"a66ea0dd3e5711c45e3d77a2c399cef8a2600f73"}},
  0},
 {<<"setup">>,
  {git,"git://github.com/uwiger/setup.git",
       {ref,"85447ca5eb671db0517a475791ac7fb3604bf44d"}},
  2},
 {<<"syslog">>,
  {git,"git://github.com/Vagabond/erlang-syslog.git",
       {ref,"e24c9ee8f7bb3f066ec152c210af10c2c712759a"}},
  0},
 {<<"twerl">>,
  {git,"https://github.com/mworrell/twerl.git",
       {ref,"12d91dd5085149cdd5de262a44fbb62779b39e16"}},
  0},
 {<<"ua_classifier">>,
  {git,"git://github.com/zotonic/ua_classifier.git",
       {ref,"37ba6bb25576c225bf414d1517de908635612413"}},
  0},
 {<<"webzmachine">>,
  {git,"git://github.com/zotonic/webzmachine.git",
       {ref,"64d76a9251253b15d5ebf62e79cca2edfa7dfe93"}},
  0},
 {<<"z_stdlib">>,
  {git,"git://github.com/zotonic/z_stdlib.git",
       {ref,"b9f19b95e12c53b0287abab74f1dbaf84c0ef2f6"}},
  0}].
