{"1.1.0",
[{<<"bcrypt">>,{pkg,<<"bcrypt">>,<<"1.0.0">>},0},
 {<<"bear">>,
  {git,"git://github.com/boundary/bear.git",
       {ref,"119234548783af19b8ec75c879c5062676b92571"}},
  2},
 {<<"bert">>,{pkg,<<"bert">>,<<"0.1.0">>},0},
 {<<"cf">>,{pkg,<<"cf">>,<<"0.2.2">>},1},
 {<<"color">>,{pkg,<<"erlang_color">>,<<"1.0.0">>},1},
 {<<"cowboy">>,
  {git,"git://github.com/ninenines/cowboy.git",
       {ref,"2bcb3902570ee4411dfe526e2662a55751d5c1d9"}},
  1},
 {<<"cowlib">>,
  {git,"https://github.com/ninenines/cowlib",
       {ref,"0eb0db3653bd89809acf528a0a3234c2c3cdde22"}},
  2},
 {<<"cowmachine">>,
  {git,"https://github.com/zotonic/cowmachine.git",
       {ref,"a063456d001bb7b5fcaa1c61489d8b610e9abb5a"}},
  0},
 {<<"depcache">>,{pkg,<<"depcache">>,<<"1.4.0">>},0},
 {<<"dh_date">>,{pkg,<<"dh_date">>,<<"1.0.0">>},0},
 {<<"diffy">>,{pkg,<<"diffy">>,<<"1.0.0">>},0},
 {<<"dispatch_compiler">>,{pkg,<<"dispatch_compiler">>,<<"1.0.0-alpha1">>},0},
 {<<"edown">>,{pkg,<<"edown">>,<<"0.8.1">>},0},
 {<<"eiconv">>,
  {git,"https://github.com/zotonic/eiconv.git",
       {ref,"644fb5e7bd6640fbd073f4d28957914ea979aea0"}},
  0},
 {<<"elli">>,{pkg,<<"elli">>,<<"1.0.5">>},1},
 {<<"emqtt">>,
  {git,"https://github.com/zotonic/emqtt.git",
       {ref,"0c75db28b9cf142b9c7383872912a14256b7003e"}},
  0},
 {<<"epgsql">>,{pkg,<<"epgsql">>,<<"3.1.1">>},0},
 {<<"erlang_localtime">>,{pkg,<<"erlang_localtime">>,<<"1.0.0">>},0},
 {<<"erlpass">>,{pkg,<<"erlpass">>,<<"1.0.4">>},0},
 {<<"erlware_commons">>,{pkg,<<"erlware_commons">>,<<"1.0.0">>},0},
 {<<"exif">>,
  {git,"https://github.com/nlfiedler/erlang-exif.git",
       {ref,"5ce229feddb93e9fc418bfb1eed68ebda752bcdf"}},
  0},
 {<<"exometer_core">>,{pkg,<<"exometer_core">>,<<"1.4.0">>},0},
 {<<"filezcache">>,
  {git,"https://github.com/mworrell/filezcache.git",
       {ref,"94de44ceb4c93440f412f017fae35c31a015f728"}},
  0},
 {<<"folsom">>,
  {git,"git://github.com/boundary/folsom.git",
       {ref,"8914823067c623d2839ecd6d17785ba94ad004c8"}},
  1},
 {<<"gen_smtp">>,{pkg,<<"gen_smtp">>,<<"0.12.0">>},0},
 {<<"getopt">>,{pkg,<<"getopt">>,<<"0.8.2">>},1},
 {<<"goldrush">>,{pkg,<<"goldrush">>,<<"0.1.8">>},1},
 {<<"gproc">>,{pkg,<<"gproc">>,<<"0.5.0">>},0},
 {<<"gun">>,{pkg,<<"gun">>,<<"1.0.0-pre.1">>},1},
 {<<"jiffy">>,
  {git,"https://github.com/davisp/jiffy.git",
       {ref,"a7db72493d2288533afbb417d5c2e6f11db84639"}},
  0},
 {<<"jobs">>,{pkg,<<"jobs">>,<<"0.6.0">>},0},
 {<<"lager">>,{pkg,<<"lager">>,<<"3.2.1">>},0},
 {<<"letsencrypt">>,
  {git,"https://github.com/zotonic/letsencrypt-erlang.git",
       {ref,"9eb5ff98a6261cc379a6b7d3a4df04086aa4e342"}},
  0},
 {<<"meck">>,{pkg,<<"meck">>,<<"0.8.4">>},0},
 {<<"mimetypes">>,{pkg,<<"mimetypes">>,<<"1.1.0">>},0},
 {<<"mochiweb">>,{pkg,<<"mochiweb">>,<<"2.15.0">>},0},
 {<<"oauth">>,
  {git,"https://github.com/tim/erlang-oauth.git",
       {ref,"bd19896e31125f99ff45bb5850b1c0e74b996743"}},
  0},
 {<<"parse_trans">>,{pkg,<<"parse_trans">>,<<"3.0.0">>},0},
 {<<"poolboy">>,{pkg,<<"poolboy">>,<<"1.5.1">>},0},
 {<<"proper">>,{pkg,<<"proper">>,<<"1.2.0">>},0},
 {<<"qdate">>,
  {git,"https://github.com/choptastic/qdate.git",
       {ref,"fc247e296b0aeb201e55e27ae809689ea094a2cb"}},
  0},
 {<<"qdate_localtime">>,{pkg,<<"qdate_localtime">>,<<"1.1.0">>},1},
 {<<"ranch">>,
  {git,"https://github.com/ninenines/ranch",
       {ref,"55c2a9d623454f372a15e99721a37093d8773b48"}},
  2},
 {<<"recon">>,{pkg,<<"recon">>,<<"2.3.1">>},0},
 {<<"s3filez">>,
  {git,"https://github.com/mworrell/s3filez.git",
       {ref,"b6784fd3d3a3ede278c9b9f6f187fe1e762eb793"}},
  0},
 {<<"setup">>,{pkg,<<"setup">>,<<"1.7.0">>},1},
 {<<"shotgun">>,{pkg,<<"shotgun">>,<<"0.3.0">>},0},
 {<<"sidejob">>,{pkg,<<"sidejob">>,<<"2.1.0">>},0},
 {<<"syslog">>,
  {git,"https://github.com/Vagabond/erlang-syslog.git",
       {ref,"4a6c6f2c996483e86c1320e9553f91d337bcb6aa"}},
  0},
 {<<"template_compiler">>,{pkg,<<"template_compiler">>,<<"1.0.0-alpha2">>},0},
 {<<"twerl">>,
  {git,"https://github.com/mworrell/twerl.git",
       {ref,"511187da785903d64f5b284ae1d2888b07199e2f"}},
  0},
 {<<"yamerl">>,{pkg,<<"yamerl">>,<<"0.4.0">>},1},
 {<<"zotonic_stdlib">>,{pkg,<<"zotonic_stdlib">>,<<"1.0.0-alpha3">>},0}]}.
[
{pkg_hash,[
 {<<"bcrypt">>, <<"1C0F76981D8A7B32E4DAA813408BFCA5BA8B1286196EB771F026D02C710F71C5">>},
 {<<"bert">>, <<"A87D6693515070A9B287C1043CB7E5B2406BE0357685022764BFBD2609703555">>},
 {<<"cf">>, <<"7F2913FFF90ABCABD0F489896CFEB0B0674F6C8DF6C10B17A83175448029896C">>},
 {<<"color">>, <<"145FE1D2E65C4516E4F03FEFCA6C2F47EBAD5899D978D70382A5CFE643E4AC9E">>},
 {<<"depcache">>, <<"7749148325F73AFACB8C1A56DFF7FF03A91E9E2A4DA2908ABD62D2A4CBD3B216">>},
 {<<"dh_date">>, <<"5B0C286665E160DE44132552931BEF06B5CB2244D5BD20E333A686E9D8BF92E3">>},
 {<<"diffy">>, <<"1584C5CA54FF796EEAA00149D842DB580695D2843FB4BF0C279E017A37734E26">>},
 {<<"dispatch_compiler">>, <<"D63A2DC71B56C54FDF111526DA43083977D643C8A99F4F1BA435B54234781DD3">>},
 {<<"edown">>, <<"7333B6F6B7BBC736C263E9CEB8261667D7C8F7D92E251829F1A9FE8F24E7B694">>},
 {<<"elli">>, <<"F0CB602511A772CC42D3556B86C1AFF4AF5D2844E89E5F6D08D57F276A7DB054">>},
 {<<"epgsql">>, <<"DE16186C279FB73217C0666C7A21323D613EDA9395B56E122AA1B262815ADF06">>},
 {<<"erlang_localtime">>, <<"497DFD4D13523D3E0EECDCB8D6D59857CF642A17A6BDC6133FF906FDAF2AEF21">>},
 {<<"erlpass">>, <<"395BAAF1E296B7B46C9D296C25040AF1B7EB91731F208D772BA346AB4572A8FC">>},
 {<<"erlware_commons">>, <<"087467DE5833C0BB5B3CCDD387F9E9C1FB816A75B7A709629BF24B5ED3246C51">>},
 {<<"exometer_core">>, <<"A546CCD38BE910DE6EA75EA95B724B6B2DB513C26F02E30919B25EB19651815A">>},
 {<<"gen_smtp">>, <<"97D44903F5CA18CA85CB39AEE7D9C77E98D79804BBDEF56078ADCF905CB2EF00">>},
 {<<"getopt">>, <<"B17556DB683000BA50370B16C0619DF1337E7AF7ECBF7D64FBF8D1D6BCE3109B">>},
 {<<"goldrush">>, <<"2024BA375CEEA47E27EA70E14D2C483B2D8610101B4E852EF7F89163CDB6E649">>},
 {<<"gproc">>, <<"2DF2D886F8F8A7B81A4B04AA17972B5965BBC5BF0100EA6D8E8AC6A0E7389AFE">>},
 {<<"gun">>, <<"28514327A7572234633E127C1C14C5D91991BC26EC16D3707F05962A31F0C1B5">>},
 {<<"jobs">>, <<"D0BE33D4BEA6DEF1CA267E8755DD3A2C10E583D4BA059B83AC30C9A47EEF845E">>},
 {<<"lager">>, <<"EEF4E18B39E4195D37606D9088EA05BF1B745986CF8EC84F01D332456FE88D17">>},
 {<<"meck">>, <<"59CA1CD971372AA223138EFCF9B29475BDE299E1953046A0C727184790AB1520">>},
 {<<"mimetypes">>, <<"82D455AE77558C0B839D7EF8F862FB67AD4450CD394FC728F8D894078F95B40F">>},
 {<<"mochiweb">>, <<"E1DAAC474DF07651E5D17CC1E642C4069C7850DC4508D3DB7263A0651330AACC">>},
 {<<"parse_trans">>, <<"9E96B1C9C3A0DF54E7B76F8F685D38BFA1EB21B31E042B1D1A5A70258E4DB1E3">>},
 {<<"poolboy">>, <<"6B46163901CFD0A1B43D692657ED9D7E599853B3B21B95AE5AE0A777CF9B6CA8">>},
 {<<"proper">>, <<"1466492385959412A02871505434E72E92765958C60DBA144B43863554B505A4">>},
 {<<"qdate_localtime">>, <<"5F6C3ACF10ECC5A7E2EFA3DCD2C863102B962188DBD9E086EC01D29FE029DA29">>},
 {<<"recon">>, <<"281F2CBB439FE3C043773EE6C83172ABD80326DCC6153F6430E4D4E6B14D7E9D">>},
 {<<"setup">>, <<"15DF8E57C6DF9755E22BFB1AEF0C640BD97E9889396FDFB2A85A5536A9043674">>},
 {<<"shotgun">>, <<"54EA3C243B65A935A3491A079A573C9D119A5EAF28BC2673893F8EEF66FDC053">>},
 {<<"sidejob">>, <<"5D6A7C9C620778CB1908E46B552D767DF2ED4D77070BB7B5B8773D4FF18D1D37">>},
 {<<"template_compiler">>, <<"F7C1A94125D10B49663BA185CDF394966E7F75C14CD8CC02E5551F6DD153256D">>},
 {<<"yamerl">>, <<"AE215B1242810A9BC07716B88062F1BFE06F6BC7CF68372091F630BAA536DF79">>},
 {<<"zotonic_stdlib">>, <<"0E06C40721BC0EC536E0B104C0FE11C5B5E57DFD450B520EA64BE9FB453BC3D1">>}]}
].
